dependencies:
- name: producer
  repository: ""
  version: 0.1.0
- name: consumer
  repository: ""
  version: 0.1.0
- name: api
  repository: ""
  version: 0.1.0
- name: gateway-helm
  repository: oci://docker.io/envoyproxy
  version: v1.7.1
- name: cert-manager
  repository: oci://quay.io/jetstack/charts
  version: v1.20.0
digest: sha256:25b5c4c9b81012a63102ad15543d30d2240788fec8f0101189d1478d8b752b4f
generated: "2026-03-24T08:46:10.144408Z"
